
Microsoft Visual Studio Solution File, Format Version 12.00
# Visual Studio Version 16
VisualStudioVersion = 16.0.29905.134
MinimumVisualStudioVersion = 10.0.40219.1
Project("{9A19103F-16F7-4668-BE54-9A1E7A4F7556}") = "NLog.Targets.NewRelicLab.Logs", "NLog.Targets.NewRelicLab.Logs\NLog.Targets.NewRelicLab.Logs.csproj", "{CB9509C9-7530-43D5-B2DC-13DD96F4A107}"
EndProject
Project("{9A19103F-16F7-4668-BE54-9A1E7A4F7556}") = "ConsoleApp", "examples\ConsoleApp\ConsoleApp.csproj", "{FA87523B-429F-4445-945E-A253CE72A7EE}"
EndProject
Project("{2150E333-8FDC-42A3-9474-1A3956D46DE8}") = "examples", "examples", "{6B9E20F4-1BC9-43E7-9375-B02843A20514}"
EndProject
Global
	GlobalSection(SolutionConfigurationPlatforms) = preSolution
		Debug|Any CPU = Debug|Any CPU
		Release|Any CPU = Release|Any CPU
	EndGlobalSection
	GlobalSection(ProjectConfigurationPlatforms) = postSolution
		{CB9509C9-7530-43D5-B2DC-13DD96F4A107}.Debug|Any CPU.ActiveCfg = Debug|Any CPU
		{CB9509C9-7530-43D5-B2DC-13DD96F4A107}.Debug|Any CPU.Build.0 = Debug|Any CPU
		{CB9509C9-7530-43D5-B2DC-13DD96F4A107}.Release|Any CPU.ActiveCfg = Release|Any CPU
		{CB9509C9-7530-43D5-B2DC-13DD96F4A107}.Release|Any CPU.Build.0 = Release|Any CPU
		{FA87523B-429F-4445-945E-A253CE72A7EE}.Debug|Any CPU.ActiveCfg = Debug|Any CPU
		{FA87523B-429F-4445-945E-A253CE72A7EE}.Debug|Any CPU.Build.0 = Debug|Any CPU
		{FA87523B-429F-4445-945E-A253CE72A7EE}.Release|Any CPU.ActiveCfg = Release|Any CPU
		{FA87523B-429F-4445-945E-A253CE72A7EE}.Release|Any CPU.Build.0 = Release|Any CPU
	EndGlobalSection
	GlobalSection(SolutionProperties) = preSolution
		HideSolutionNode = FALSE
	EndGlobalSection
	GlobalSection(NestedProjects) = preSolution
		{FA87523B-429F-4445-945E-A253CE72A7EE} = {6B9E20F4-1BC9-43E7-9375-B02843A20514}
	EndGlobalSection
	GlobalSection(ExtensibilityGlobals) = postSolution
		SolutionGuid = {0787AEC0-DF95-4F68-AAE3-C24709793B10}
	EndGlobalSection
EndGlobal
